// !$*UTF8*$!
{
	archiveVersion = 1;
	classes = {
	};
	objectVersion = 50;
	objects = {

/* Begin PBXBuildFile section */
		8CEE95E921AD224B00D749F9 /* AppDelegate.swift in Sources */ = {isa = PBXBuildFile; fileRef = 8CEE95E821AD224B00D749F9 /* AppDelegate.swift */; };
		8CEE95EB21AD224B00D749F9 /* ViewController.swift in Sources */ = {isa = PBXBuildFile; fileRef = 8CEE95EA21AD224B00D749F9 /* ViewController.swift */; };
		8CEE95EE21AD224B00D749F9 /* Main.storyboard in Resources */ = {isa = PBXBuildFile; fileRef = 8CEE95EC21AD224B00D749F9 /* Main.storyboard */; };
		8CEE95F021AD225100D749F9 /* Assets.xcassets in Resources */ = {isa = PBXBuildFile; fileRef = 8CEE95EF21AD225100D749F9 /* Assets.xcassets */; };
		8CEE95F321AD225100D749F9 /* LaunchScreen.storyboard in Resources */ = {isa = PBXBuildFile; fileRef = 8CEE95F121AD225100D749F9 /* LaunchScreen.storyboard */; };
		8CEE95FD21AD29E300D749F9 /* SpeechRecognitionModal.swift in Sources */ = {isa = PBXBuildFile; fileRef = 8CEE95FC21AD29E300D749F9 /* SpeechRecognitionModal.swift */; };
/* End PBXBuildFile section */

/* Begin PBXFileReference section */
		8CEE95E521AD224B00D749F9 /* Tut_SpeechRecognizer.app */ = {isa = PBXFileReference; explicitFileType = wrapper.application; includeInIndex = 0; path = Tut_SpeechRecognizer.app; sourceTree = BUILT_PRODUCTS_DIR; };
		8CEE95E821AD224B00D749F9 /* AppDelegate.swift */ = {isa = PBXFileReference; lastKnownFileType = sourcecode.swift; path = AppDelegate.swift; sourceTree = "<group>"; };
		8CEE95EA21AD224B00D749F9 /* ViewController.swift */ = {isa = PBXFileReference; lastKnownFileType = sourcecode.swift; path = ViewController.swift; sourceTree = "<group>"; };
		8CEE95ED21AD224B00D749F9 /* Base */ = {isa = PBXFileReference; lastKnownFileType = file.storyboard; name = Base; path = Base.lproj/Main.storyboard; sourceTree = "<group>"; };
		8CEE95EF21AD225100D749F9 /* Assets.xcassets */ = {isa = PBXFileReference; lastKnownFileType = folder.assetcatalog; path = Assets.xcassets; sourceTree = "<group>"; };
		8CEE95F221AD225100D749F9 /* Base */ = {isa = PBXFileReference; lastKnownFileType = file.storyboard; name = Base; path = Base.lproj/LaunchScreen.storyboard; sourceTree = "<group>"; };
		8CEE95F421AD225100D749F9 /* Info.plist */ = {isa = PBXFileReference; lastKnownFileType = text.plist.xml; path = Info.plist; sourceTree = "<group>"; };
		8CEE95FC21AD29E300D749F9 /* SpeechRecognitionModal.swift */ = {isa = PBXFileReference; fileEncoding = 4; lastKnownFileType = sourcecode.swift; path = SpeechRecognitionModal.swift; sourceTree = "<group>"; };
/* End PBXFileReference section */

/* Begin PBXFrameworksBuildPhase section */
		8CEE95E221AD224B00D749F9 /* Frameworks */ = {
			isa = PBXFrameworksBuildPhase;
			buildActionMask = 2147483647;
			files = (
			);
			runOnlyForDeploymentPostprocessing = 0;
		};
/* End PBXFrameworksBuildPhase section */

/* Begin PBXGroup section */
		8CEE95DC21AD224B00D749F9 = {
			isa = PBXGroup;
			children = (
				8CEE95E721AD224B00D749F9 /* Tut_SpeechRecognizer */,
				8CEE95E621AD224B00D749F9 /* Products */,
			);
			sourceTree = "<group>";
		};
		8CEE95E621AD224B00D749F9 /* Products */ = {
			isa = PBXGroup;
			children = (
				8CEE95E521AD224B00D749F9 /* Tut_SpeechRecognizer.app */,
			);
			name = Products;
			sourceTree = "<group>";
		};
		8CEE95E721AD224B00D749F9 /* Tut_SpeechRecognizer */ = {
			isa = PBXGroup;
			children = (
				8CEE95E821AD224B00D749F9 /* AppDelegate.swift */,
				8CEE95EA21AD224B00D749F9 /* ViewController.swift */,
				8CEE95FC21AD29E300D749F9 /* SpeechRecognitionModal.swift */,
				8CEE95EC21AD224B00D749F9 /* Main.storyboard */,
				8CEE95EF21AD225100D749F9 /* Assets.xcassets */,
				8CEE95F121AD225100D749F9 /* LaunchScreen.storyboard */,
				8CEE95F421AD225100D749F9 /* Info.plist */,
			);
			path = Tut_SpeechRecognizer;
			sourceTree = "<group>";
		};
/* End PBXGroup section */

/* Begin PBXNativeTarget section */
		8CEE95E421AD224B00D749F9 /* Tut_SpeechRecognizer */ = {
			isa = PBXNativeTarget;
			buildConfigurationList = 8CEE95F721AD225100D749F9 /* Build configuration list for PBXNativeTarget "Tut_SpeechRecognizer" */;
			buildPhases = (
				8CEE95E121AD224B00D749F9 /* Sources */,
				8CEE95E221AD224B00D749F9 /* Frameworks */,
				8CEE95E321AD224B00D749F9 /* Resources */,
			);
			buildRules = (
			);
			dependencies = (
			);
			name = Tut_SpeechRecognizer;
			productName = Tut_SpeechRecognizer;
			productReference = 8CEE95E521AD224B00D749F9 /* Tut_SpeechRecognizer.app */;
			productType = "com.apple.product-type.application";
		};
/* End PBXNativeTarget section */

/* Begin PBXProject section */
		8CEE95DD21AD224B00D749F9 /* Project object */ = {
			isa = PBXProject;
			attributes = {
				LastSwiftUpdateCheck = 1010;
				LastUpgradeCheck = 1010;
				ORGANIZATIONNAME = "Eray Alparslan";
				TargetAttributes = {
					8CEE95E421AD224B00D749F9 = {
						CreatedOnToolsVersion = 10.1;
					};
				};
			};
			buildConfigurationList = 8CEE95E021AD224B00D749F9 /* Build configuration list for PBXProject "Tut_SpeechRecognizer" */;
			compatibilityVersion = "Xcode 9.3";
			developmentRegion = en;
			hasScannedForEncodings = 0;
			knownRegions = (
				en,
				Base,
			);
			mainGroup = 8CEE95DC21AD224B00D749F9;
			productRefGroup = 8CEE95E621AD224B00D749F9 /* Products */;
			projectDirPath = "";
			projectRoot = "";
			targets = (
				8CEE95E421AD224B00D749F9 /* Tut_SpeechRecognizer */,
			);
		};
/* End PBXProject section */

/* Begin PBXResourcesBuildPhase section */
		8CEE95E321AD224B00D749F9 /* Resources */ = {
			isa = PBXResourcesBuildPhase;
			buildActionMask = 2147483647;
			files = (
				8CEE95F321AD225100D749F9 /* LaunchScreen.storyboard in Resources */,
				8CEE95F021AD225100D749F9 /* Assets.xcassets in Resources */,
				8CEE95EE21AD224B00D749F9 /* Main.storyboard in Resources */,
			);
			runOnlyForDeploymentPostprocessing = 0;
		};
/* End PBXResourcesBuildPhase section */

/* Begin PBXSourcesBuildPhase section */
		8CEE95E121AD224B00D749F9 /* Sources */ = {
			isa = PBXSourcesBuildPhase;
			buildActionMask = 2147483647;
			files = (
				8CEE95EB21AD224B00D749F9 /* ViewController.swift in Sources */,
				8CEE95E921AD224B00D749F9 /* AppDelegate.swift in Sources */,
				8CEE95FD21AD29E300D749F9 /* SpeechRecognitionModal.swift in Sources */,
			);
			runOnlyForDeploymentPostprocessing = 0;
		};
/* End PBXSourcesBuildPhase section */

/* Begin PBXVariantGroup section */
		8CEE95EC21AD224B00D749F9 /* Main.storyboard */ = {
			isa = PBXVariantGroup;
			children = (
				8CEE95ED21AD224B00D749F9 /* Base */,
			);
			name = Main.storyboard;
			sourceTree = "<group>";
		};
		8CEE95F121AD225100D749F9 /* LaunchScreen.storyboard */ = {
			isa = PBXVariantGroup;
			children = (
				8CEE95F221AD225100D749F9 /* Base */,
			);
			name = LaunchScreen.storyboard;
			sourceTree = "<group>";
		};
/* End PBXVariantGroup section */

/* Begin XCBuildConfiguration section */
		8CEE95F521AD225100D749F9 /* Debug */ = {
			isa = XCBuildConfiguration;
			buildSettings = {
				ALWAYS_SEARCH_USER_PATHS = NO;
				CLANG_ANALYZER_NONNULL = YES;
				CLANG_ANALYZER_NUMBER_OBJECT_CONVERSION = YES_AGGRESSIVE;
				CLANG_CXX_LANGUAGE_STANDARD = "gnu++14";
				CLANG_CXX_LIBRARY = "libc++";
				CLANG_ENABLE_MODULES = YES;
				CLANG_ENABLE_OBJC_ARC = YES;
				CLANG_ENABLE_OBJC_WEAK = YES;
				CLANG_WARN_BLOCK_CAPTURE_AUTORELEASING = YES;
				CLANG_WARN_BOOL_CONVERSION = YES;
				CLANG_WARN_COMMA = YES;
				CLANG_WARN_CONSTANT_CONVERSION = YES;
				CLANG_WARN_DEPRECATED_OBJC_IMPLEMENTATIONS = YES;
				CLANG_WARN_DIRECT_OBJC_ISA_USAGE = YES_ERROR;
				CLANG_WARN_DOCUMENTATION_COMMENTS = YES;
				CLANG_WARN_EMPTY_BODY = YES;
				CLANG_WARN_ENUM_CONVERSION = YES;
				CLANG_WARN_INFINITE_RECURSION = YES;
				CLANG_WARN_INT_CONVERSION = YES;
				CLANG_WARN_NON_LITERAL_NULL_CONVERSION = YES;
				CLANG_WARN_OBJC_IMPLICIT_RETAIN_SELF = YES;
				CLANG_WARN_OBJC_LITERAL_CONVERSION = YES;
				CLANG_WARN_OBJC_ROOT_CLASS = YES_ERROR;
				CLANG_WARN_RANGE_LOOP_ANALYSIS = YES;
				CLANG_WARN_STRICT_PROTOTYPES = YES;
				CLANG_WARN_SUSPICIOUS_MOVE = YES;
				CLANG_WARN_UNGUARDED_AVAILABILITY = YES_AGGRESSIVE;
				CLANG_WARN_UNREACHABLE_CODE = YES;
				CLANG_WARN__DUPLICATE_METHOD_MATCH = YES;
				CODE_SIGN_IDENTITY = "iPhone Developer";
				COPY_PHASE_STRIP = NO;
				DEBUG_INFORMATION_FORMAT = dwarf;
				ENABLE_STRICT_OBJC_MSGSEND = YES;
				ENABLE_TESTABILITY = YES;
				GCC_C_LANGUAGE_STANDARD = gnu11;
				GCC_DYNAMIC_NO_PIC = NO;
				GCC_NO_COMMON_BLOCKS = YES;
				GCC_OPTIMIZATION_LEVEL = 0;
				GCC_PREPROCESSOR_DEFINITIONS = (
					"DEBUG=1",
					"$(inherited)",
				);
				GCC_WARN_64_TO_32_BIT_CONVERSION = YES;
				GCC_WARN_ABOUT_RETURN_TYPE = YES_ERROR;
				GCC_WARN_UNDECLARED_SELECTOR = YES;
				GCC_WARN_UNINITIALIZED_AUTOS = YES_AGGRESSIVE;
				GCC_WARN_UNUSED_FUNCTION = YES;
				GCC_WARN_UNUSED_VARIABLE = YES;
				IPHONEOS_DEPLOYMENT_TARGET = 12.1;
				MTL_ENABLE_DEBUG_INFO = INCLUDE_SOURCE;
				MTL_FAST_MATH = YES;
				ONLY_ACTIVE_ARCH = YES;
				SDKROOT = iphoneos;
				SWIFT_ACTIVE_COMPILATION_CONDITIONS = DEBUG;
				SWIFT_OPTIMIZATION_LEVEL = "-Onone";
			};
			name = Debug;
		};
		8CEE95F621AD225100D749F9 /* Release */ = {
			isa = XCBuildConfiguration;
			buildSettings = {
				ALWAYS_SEARCH_USER_PATHS = NO;
				CLANG_ANALYZER_NONNULL = YES;
				CLANG_ANALYZER_NUMBER_OBJECT_CONVERSION = YES_AGGRESSIVE;
				CLANG_CXX_LANGUAGE_STANDARD = "gnu++14";
				CLANG_CXX_LIBRARY = "libc++";
				CLANG_ENABLE_MODULES = YES;
				CLANG_ENABLE_OBJC_ARC = YES;
				CLANG_ENABLE_OBJC_WEAK = YES;
				CLANG_WARN_BLOCK_CAPTURE_AUTORELEASING = YES;
				CLANG_WARN_BOOL_CONVERSION = YES;
				CLANG_WARN_COMMA = YES;
				CLANG_WARN_CONSTANT_CONVERSION = YES;
				CLANG_WARN_DEPRECATED_OBJC_IMPLEMENTATIONS = YES;
				CLANG_WARN_DIRECT_OBJC_ISA_USAGE = YES_ERROR;
				CLANG_WARN_DOCUMENTATION_COMMENTS = YES;
				CLANG_WARN_EMPTY_BODY = YES;
				CLANG_WARN_ENUM_CONVERSION = YES;
				CLANG_WARN_INFINITE_RECURSION = YES;
				CLANG_WARN_INT_CONVERSION = YES;
				CLANG_WARN_NON_LITERAL_NULL_CONVERSION = YES;
				CLANG_WARN_OBJC_IMPLICIT_RETAIN_SELF = YES;
				CLANG_WARN_OBJC_LITERAL_CONVERSION = YES;
				CLANG_WARN_OBJC_ROOT_CLASS = YES_ERROR;
				CLANG_WARN_RANGE_LOOP_ANALYSIS = YES;
				CLANG_WARN_STRICT_PROTOTYPES = YES;
				CLANG_WARN_SUSPICIOUS_MOVE = YES;
				CLANG_WARN_UNGUARDED_AVAILABILITY = YES_AGGRESSIVE;
				CLANG_WARN_UNREACHABLE_CODE = YES;
				CLANG_WARN__DUPLICATE_METHOD_MATCH = YES;
				CODE_SIGN_IDENTITY = "iPhone Developer";
				COPY_PHASE_STRIP = NO;
				DEBUG_INFORMATION_FORMAT = "dwarf-with-dsym";
				ENABLE_NS_ASSERTIONS = NO;
				ENABLE_STRICT_OBJC_MSGSEND = YES;
				GCC_C_LANGUAGE_STANDARD = gnu11;
				GCC_NO_COMMON_BLOCKS = YES;
				GCC_WARN_64_TO_32_BIT_CONVERSION = YES;
				GCC_WARN_ABOUT_RETURN_TYPE = YES_ERROR;
				GCC_WARN_UNDECLARED_SELECTOR = YES;
				GCC_WARN_UNINITIALIZED_AUTOS = YES_AGGRESSIVE;
				GCC_WARN_UNUSED_FUNCTION = YES;
				GCC_WARN_UNUSED_VARIABLE = YES;
				IPHONEOS_DEPLOYMENT_TARGET = 12.1;
				MTL_ENABLE_DEBUG_INFO = NO;
				MTL_FAST_MATH = YES;
				SDKROOT = iphoneos;
				SWIFT_COMPILATION_MODE = wholemodule;
				SWIFT_OPTIMIZATION_LEVEL = "-O";
				VALIDATE_PRODUCT = YES;
			};
			name = Release;
		};
		8CEE95F821AD225100D749F9 /* Debug */ = {
			isa = XCBuildConfiguration;
			buildSettings = {
				ASSETCATALOG_COMPILER_APPICON_NAME = AppIcon;
				CODE_SIGN_STYLE = Automatic;
				DEVELOPMENT_TEAM = "";
				INFOPLIST_FILE = Tut_SpeechRecognizer/Info.plist;
				LD_RUNPATH_SEARCH_PATHS = (
					"$(inherited)",
					"@executable_path/Frameworks",
				);
				PRODUCT_BUNDLE_IDENTIFIER = com.iosnotlari.SpeechRecognizer;
				PRODUCT_NAME = "$(TARGET_NAME)";
				SWIFT_VERSION = 4.2;
				TARGETED_DEVICE_FAMILY = 1;
			};
			name = Debug;
		};
		8CEE95F921AD225100D749F9 /* Release */ = {
			isa = XCBuildConfiguration;
			buildSettings = {
				ASSETCATALOG_COMPILER_APPICON_NAME = AppIcon;
				CODE_SIGN_STYLE = Automatic;
				DEVELOPMENT_TEAM = "";
				INFOPLIST_FILE = Tut_SpeechRecognizer/Info.plist;
				LD_RUNPATH_SEARCH_PATHS = (
					"$(inherited)",
					"@executable_path/Frameworks",
				);
				PRODUCT_BUNDLE_IDENTIFIER = com.iosnotlari.SpeechRecognizer;
				PRODUCT_NAME = "$(TARGET_NAME)";
				SWIFT_VERSION = 4.2;
				TARGETED_DEVICE_FAMILY = 1;
			};
			name = Release;
		};
/* End XCBuildConfiguration section */

/* Begin XCConfigurationList section */
		8CEE95E021AD224B00D749F9 /* Build configuration list for PBXProject "Tut_SpeechRecognizer" */ = {
			isa = XCConfigurationList;
			buildConfigurations = (
				8CEE95F521AD225100D749F9 /* Debug */,
				8CEE95F621AD225100D749F9 /* Release */,
			);
			defaultConfigurationIsVisible = 0;
			defaultConfigurationName = Release;
		};
		8CEE95F721AD225100D749F9 /* Build configuration list for PBXNativeTarget "Tut_SpeechRecognizer" */ = {
			isa = XCConfigurationList;
			buildConfigurations = (
				8CEE95F821AD225100D749F9 /* Debug */,
				8CEE95F921AD225100D749F9 /* Release */,
			);
			defaultConfigurationIsVisible = 0;
			defaultConfigurationName = Release;
		};
/* End XCConfigurationList section */
	};
	rootObject = 8CEE95DD21AD224B00D749F9 /* Project object */;
}
